// !$*UTF8*$!
{
	archiveVersion = 1;
	classes = {
	};
	objectVersion = 46;
	objects = {

/* Begin PBXBuildFile section */
		A9EA57FB1C790B1C0084DF24 /* AppDelegate.swift in Sources */ = {isa = PBXBuildFile; fileRef = A9EA57FA1C790B1C0084DF24 /* AppDelegate.swift */; };
		A9EA57FD1C790B1C0084DF24 /* ViewController.swift in Sources */ = {isa = PBXBuildFile; fileRef = A9EA57FC1C790B1C0084DF24 /* ViewController.swift */; };
		A9EA58001C790B1C0084DF24 /* Main.storyboard in Resources */ = {isa = PBXBuildFile; fileRef = A9EA57FE1C790B1C0084DF24 /* Main.storyboard */; };
		A9EA58021C790B1C0084DF24 /* Assets.xcassets in Resources */ = {isa = PBXBuildFile; fileRef = A9EA58011C790B1C0084DF24 /* Assets.xcassets */; };
		A9EA58051C790B1C0084DF24 /* LaunchScreen.storyboard in Resources */ = {isa = PBXBuildFile; fileRef = A9EA58031C790B1C0084DF24 /* LaunchScreen.storyboard */; };
/* End PBXBuildFile section */

/* Begin PBXFileReference section */
		A9EA57F71C790B1C0084DF24 /* tweet-tweet.app */ = {isa = PBXFileReference; explicitFileType = wrapper.application; includeInIndex = 0; path = "tweet-tweet.app"; sourceTree = BUILT_PRODUCTS_DIR; };
		A9EA57FA1C790B1C0084DF24 /* AppDelegate.swift */ = {isa = PBXFileReference; lastKnownFileType = sourcecode.swift; path = AppDelegate.swift; sourceTree = "<group>"; };
		A9EA57FC1C790B1C0084DF24 /* ViewController.swift */ = {isa = PBXFileReference; lastKnownFileType = sourcecode.swift; path = ViewController.swift; sourceTree = "<group>"; };
		A9EA57FF1C790B1C0084DF24 /* Base */ = {isa = PBXFileReference; lastKnownFileType = file.storyboard; name = Base; path = Base.lproj/Main.storyboard; sourceTree = "<group>"; };
		A9EA58011C790B1C0084DF24 /* Assets.xcassets */ = {isa = PBXFileReference; lastKnownFileType = folder.assetcatalog; path = Assets.xcassets; sourceTree = "<group>"; };
		A9EA58041C790B1C0084DF24 /* Base */ = {isa = PBXFileReference; lastKnownFileType = file.storyboard; name = Base; path = Base.lproj/LaunchScreen.storyboard; sourceTree = "<group>"; };
		A9EA58061C790B1C0084DF24 /* Info.plist */ = {isa = PBXFileReference; lastKnownFileType = text.plist.xml; path = Info.plist; sourceTree = "<group>"; };
/* End PBXFileReference section */

/* Begin PBXFrameworksBuildPhase section */
		A9EA57F41C790B1C0084DF24 /* Frameworks */ = {
			isa = PBXFrameworksBuildPhase;
			buildActionMask = 2147483647;
			files = (
			);
			runOnlyForDeploymentPostprocessing = 0;
		};
/* End PBXFrameworksBuildPhase section */

/* Begin PBXGroup section */
		A9EA57EE1C790B1C0084DF24 = {
			isa = PBXGroup;
			children = (
				A9EA57F91C790B1C0084DF24 /* tweet-tweet */,
				A9EA57F81C790B1C0084DF24 /* Products */,
			);
			sourceTree = "<group>";
		};
		A9EA57F81C790B1C0084DF24 /* Products */ = {
			isa = PBXGroup;
			children = (
				A9EA57F71C790B1C0084DF24 /* tweet-tweet.app */,
			);
			name = Products;
			sourceTree = "<group>";
		};
		A9EA57F91C790B1C0084DF24 /* tweet-tweet */ = {
			isa = PBXGroup;
			children = (
				A9EA57FA1C790B1C0084DF24 /* AppDelegate.swift */,
				A9EA57FC1C790B1C0084DF24 /* ViewController.swift */,
				A9EA57FE1C790B1C0084DF24 /* Main.storyboard */,
				A9EA58011C790B1C0084DF24 /* Assets.xcassets */,
				A9EA58031C790B1C0084DF24 /* LaunchScreen.storyboard */,
				A9EA58061C790B1C0084DF24 /* Info.plist */,
			);
			path = "tweet-tweet";
			sourceTree = "<group>";
		};
/* End PBXGroup section */

/* Begin PBXNativeTarget section */
		A9EA57F61C790B1C0084DF24 /* tweet-tweet */ = {
			isa = PBXNativeTarget;
			buildConfigurationList = A9EA58091C790B1C0084DF24 /* Build configuration list for PBXNativeTarget "tweet-tweet" */;
			buildPhases = (
				A9EA57F31C790B1C0084DF24 /* Sources */,
				A9EA57F41C790B1C0084DF24 /* Frameworks */,
				A9EA57F51C790B1C0084DF24 /* Resources */,
			);
			buildRules = (
			);
			dependencies = (
			);
			name = "tweet-tweet";
			productName = "tweet-tweet";
			productReference = A9EA57F71C790B1C0084DF24 /* tweet-tweet.app */;
			productType = "com.apple.product-type.application";
		};
/* End PBXNativeTarget section */

/* Begin PBXProject section */
		A9EA57EF1C790B1C0084DF24 /* Project object */ = {
			isa = PBXProject;
			attributes = {
				LastSwiftUpdateCheck = 0720;
				LastUpgradeCheck = 0720;
				ORGANIZATIONNAME = "Jiaqi Wu";
				TargetAttributes = {
					A9EA57F61C790B1C0084DF24 = {
						CreatedOnToolsVersion = 7.2;
					};
				};
			};
			buildConfigurationList = A9EA57F21C790B1C0084DF24 /* Build configuration list for PBXProject "tweet-tweet" */;
			compatibilityVersion = "Xcode 3.2";
			developmentRegion = English;
			hasScannedForEncodings = 0;
			knownRegions = (
				en,
				Base,
			);
			mainGroup = A9EA57EE1C790B1C0084DF24;
			productRefGroup = A9EA57F81C790B1C0084DF24 /* Products */;
			projectDirPath = "";
			projectRoot = "";
			targets = (
				A9EA57F61C790B1C0084DF24 /* tweet-tweet */,
			);
		};
/* End PBXProject section */

/* Begin PBXResourcesBuildPhase section */
		A9EA57F51C790B1C0084DF24 /* Resources */ = {
			isa = PBXResourcesBuildPhase;
			buildActionMask = 2147483647;
			files = (
				A9EA58051C790B1C0084DF24 /* LaunchScreen.storyboard in Resources */,
				A9EA58021C790B1C0084DF24 /* Assets.xcassets in Resources */,
				A9EA58001C790B1C0084DF24 /* Main.storyboard in Resources */,
			);
			runOnlyForDeploymentPostprocessing = 0;
		};
/* End PBXResourcesBuildPhase section */

/* Begin PBXSourcesBuildPhase section */
		A9EA57F31C790B1C0084DF24 /* Sources */ = {
			isa = PBXSourcesBuildPhase;
			buildActionMask = 2147483647;
			files = (
				A9EA57FD1C790B1C0084DF24 /* ViewController.swift in Sources */,
				A9EA57FB1C790B1C0084DF24 /* AppDelegate.swift in Sources */,
			);
			runOnlyForDeploymentPostprocessing = 0;
		};
/* End PBXSourcesBuildPhase section */

/* Begin PBXVariantGroup section */
		A9EA57FE1C790B1C0084DF24 /* Main.storyboard */ = {
			isa = PBXVariantGroup;
			children = (
				A9EA57FF1C790B1C0084DF24 /* Base */,
			);
			name = Main.storyboard;
			sourceTree = "<group>";
		};
		A9EA58031C790B1C0084DF24 /* LaunchScreen.storyboard */ = {
			isa = PBXVariantGroup;
			children = (
				A9EA58041C790B1C0084DF24 /* Base */,
			);
			name = LaunchScreen.storyboard;
			sourceTree = "<group>";
		};
/* End PBXVariantGroup section */

/* Begin XCBuildConfiguration section */
		A9EA58071C790B1C0084DF24 /* Debug */ = {
			isa = XCBuildConfiguration;
			buildSettings = {
				ALWAYS_SEARCH_USER_PATHS = NO;
				CLANG_CXX_LANGUAGE_STANDARD = "gnu++0x";
				CLANG_CXX_LIBRARY = "libc++";
				CLANG_ENABLE_MODULES = YES;
				CLANG_ENABLE_OBJC_ARC = YES;
				CLANG_WARN_BOOL_CONVERSION = YES;
				CLANG_WARN_CONSTANT_CONVERSION = YES;
				CLANG_WARN_DIRECT_OBJC_ISA_USAGE = YES_ERROR;
				CLANG_WARN_EMPTY_BODY = YES;
				CLANG_WARN_ENUM_CONVERSION = YES;
				CLANG_WARN_INT_CONVERSION = YES;
				CLANG_WARN_OBJC_ROOT_CLASS = YES_ERROR;
				CLANG_WARN_UNREACHABLE_CODE = YES;
				CLANG_WARN__DUPLICATE_METHOD_MATCH = YES;
				"CODE_SIGN_IDENTITY[sdk=iphoneos*]" = "iPhone Developer";
				COPY_PHASE_STRIP = NO;
				DEBUG_INFORMATION_FORMAT = dwarf;
				ENABLE_STRICT_OBJC_MSGSEND = YES;
				ENABLE_TESTABILITY = YES;
				GCC_C_LANGUAGE_STANDARD = gnu99;
				GCC_DYNAMIC_NO_PIC = NO;
				GCC_NO_COMMON_BLOCKS = YES;
				GCC_OPTIMIZATION_LEVEL = 0;
				GCC_PREPROCESSOR_DEFINITIONS = (
					"DEBUG=1",
					"$(inherited)",
				);
				GCC_WARN_64_TO_32_BIT_CONVERSION = YES;
				GCC_WARN_ABOUT_RETURN_TYPE = YES_ERROR;
				GCC_WARN_UNDECLARED_SELECTOR = YES;
				GCC_WARN_UNINITIALIZED_AUTOS = YES_AGGRESSIVE;
				GCC_WARN_UNUSED_FUNCTION = YES;
				GCC_WARN_UNUSED_VARIABLE = YES;
				IPHONEOS_DEPLOYMENT_TARGET = 9.2;
				MTL_ENABLE_DEBUG_INFO = YES;
				ONLY_ACTIVE_ARCH = YES;
				SDKROOT = iphoneos;
				SWIFT_OPTIMIZATION_LEVEL = "-Onone";
			};
			name = Debug;
		};
		A9EA58081C790B1C0084DF24 /* Release */ = {
			isa = XCBuildConfiguration;
			buildSettings = {
				ALWAYS_SEARCH_USER_PATHS = NO;
				CLANG_CXX_LANGUAGE_STANDARD = "gnu++0x";
				CLANG_CXX_LIBRARY = "libc++";
				CLANG_ENABLE_MODULES = YES;
				CLANG_ENABLE_OBJC_ARC = YES;
				CLANG_WARN_BOOL_CONVERSION = YES;
				CLANG_WARN_CONSTANT_CONVERSION = YES;
				CLANG_WARN_DIRECT_OBJC_ISA_USAGE = YES_ERROR;
				CLANG_WARN_EMPTY_BODY = YES;
				CLANG_WARN_ENUM_CONVERSION = YES;
				CLANG_WARN_INT_CONVERSION = YES;
				CLANG_WARN_OBJC_ROOT_CLASS = YES_ERROR;
				CLANG_WARN_UNREACHABLE_CODE = YES;
				CLANG_WARN__DUPLICATE_METHOD_MATCH = YES;
				"CODE_SIGN_IDENTITY[sdk=iphoneos*]" = "iPhone Developer";
				COPY_PHASE_STRIP = NO;
				DEBUG_INFORMATION_FORMAT = "dwarf-with-dsym";
				ENABLE_NS_ASSERTIONS = NO;
				ENABLE_STRICT_OBJC_MSGSEND = YES;
				GCC_C_LANGUAGE_STANDARD = gnu99;
				GCC_NO_COMMON_BLOCKS = YES;
				GCC_WARN_64_TO_32_BIT_CONVERSION = YES;
				GCC_WARN_ABOUT_RETURN_TYPE = YES_ERROR;
				GCC_WARN_UNDECLARED_SELECTOR = YES;
				GCC_WARN_UNINITIALIZED_AUTOS = YES_AGGRESSIVE;
				GCC_WARN_UNUSED_FUNCTION = YES;
				GCC_WARN_UNUSED_VARIABLE = YES;
				IPHONEOS_DEPLOYMENT_TARGET = 9.2;
				MTL_ENABLE_DEBUG_INFO = NO;
				SDKROOT = iphoneos;
				VALIDATE_PRODUCT = YES;
			};
			name = Release;
		};
		A9EA580A1C790B1C0084DF24 /* Debug */ = {
			isa = XCBuildConfiguration;
			buildSettings = {
				ASSETCATALOG_COMPILER_APPICON_NAME = AppIcon;
				INFOPLIST_FILE = "tweet-tweet/Info.plist";
				LD_RUNPATH_SEARCH_PATHS = "$(inherited) @executable_path/Frameworks";
				PRODUCT_BUNDLE_IDENTIFIER = "jiaqi.tweet-tweet";
				PRODUCT_NAME = "$(TARGET_NAME)";
			};
			name = Debug;
		};
		A9EA580B1C790B1C0084DF24 /* Release */ = {
			isa = XCBuildConfiguration;
			buildSettings = {
				ASSETCATALOG_COMPILER_APPICON_NAME = AppIcon;
				INFOPLIST_FILE = "tweet-tweet/Info.plist";
				LD_RUNPATH_SEARCH_PATHS = "$(inherited) @executable_path/Frameworks";
				PRODUCT_BUNDLE_IDENTIFIER = "jiaqi.tweet-tweet";
				PRODUCT_NAME = "$(TARGET_NAME)";
			};
			name = Release;
		};
/* End XCBuildConfiguration section */

/* Begin XCConfigurationList section */
		A9EA57F21C790B1C0084DF24 /* Build configuration list for PBXProject "tweet-tweet" */ = {
			isa = XCConfigurationList;
			buildConfigurations = (
				A9EA58071C790B1C0084DF24 /* Debug */,
				A9EA58081C790B1C0084DF24 /* Release */,
			);
			defaultConfigurationIsVisible = 0;
			defaultConfigurationName = Release;
		};
		A9EA58091C790B1C0084DF24 /* Build configuration list for PBXNativeTarget "tweet-tweet" */ = {
			isa = XCConfigurationList;
			buildConfigurations = (
				A9EA580A1C790B1C0084DF24 /* Debug */,
				A9EA580B1C790B1C0084DF24 /* Release */,
			);
			defaultConfigurationIsVisible = 0;
		};
/* End XCConfigurationList section */
	};
	rootObject = A9EA57EF1C790B1C0084DF24 /* Project object */;
}
